
Microsoft Visual Studio Solution File, Format Version 12.00
# Visual Studio Version 16
VisualStudioVersion = 16.0.32002.261
MinimumVisualStudioVersion = 10.0.40219.1
Project("{FAE04EC0-301F-11D3-BF4B-00C04F79EFBC}") = "Zenith_bhaptics", "Zenith_bhaptics.csproj", "{EF3B47B9-06C5-48A5-9ECA-69FDD0BEB5B0}"
EndProject
Global
	GlobalSection(SolutionConfigurationPlatforms) = preSolution
		Debug|Any CPU = Debug|Any CPU
		Release|Any CPU = Release|Any CPU
	EndGlobalSection
	GlobalSection(ProjectConfigurationPlatforms) = postSolution
		{EF3B47B9-06C5-48A5-9ECA-69FDD0BEB5B0}.Debug|Any CPU.ActiveCfg = Debug|Any CPU
		{EF3B47B9-06C5-48A5-9ECA-69FDD0BEB5B0}.Debug|Any CPU.Build.0 = Debug|Any CPU
		{EF3B47B9-06C5-48A5-9ECA-69FDD0BEB5B0}.Release|Any CPU.ActiveCfg = Release|Any CPU
		{EF3B47B9-06C5-48A5-9ECA-69FDD0BEB5B0}.Release|Any CPU.Build.0 = Release|Any CPU
	EndGlobalSection
	GlobalSection(SolutionProperties) = preSolution
		HideSolutionNode = FALSE
	EndGlobalSection
	GlobalSection(ExtensibilityGlobals) = postSolution
		SolutionGuid = {84754379-3F3B-4CE3-AEDC-1F17BA8FBD80}
	EndGlobalSection
EndGlobal
